<?xml version="1.0" encoding="utf-8"?>
<Project ToolsVersion="4.0" xmlns="http://schemas.microsoft.com/developer/msbuild/2003">
  <ItemGroup>
    <Filter Include="Source Files">
      <UniqueIdentifier>{4FC737F1-C7A5-4376-A066-2A32D752A2FF}</UniqueIdentifier>
      <Extensions>cpp;c;cc;cxx;c++;cppm;ixx;def;odl;idl;hpj;bat;asm;asmx</Extensions>
    </Filter>
    <Filter Include="Header Files">
      <UniqueIdentifier>{93995380-89BD-4b04-88EB-625FBE52EBFB}</UniqueIdentifier>
      <Extensions>h;hh;hpp;hxx;h++;hm;inl;inc;ipp;xsd</Extensions>
    </Filter>
    <Filter Include="Resource Files">
      <UniqueIdentifier>{67DA6AB6-F800-4c08-8B7A-83BB121AAD01}</UniqueIdentifier>
      <Extensions>rc;ico;cur;bmp;dlg;rc2;rct;bin;rgs;gif;jpg;jpeg;jpe;resx;tiff;tif;png;wav;mfcribbon-ms</Extensions>
    </Filter>
    <Filter Include="base">
      <UniqueIdentifier>{b6d06079-9c72-43e4-9a99-e4884219bf57}</UniqueIdentifier>
    </Filter>
  </ItemGroup>
  <ItemGroup>
    <ClCompile Include="main.cpp">
      <Filter>Source Files</Filter>
    </ClCompile>
    <ClCompile Include="mother_app.cpp">
      <Filter>Source Files</Filter>
    </ClCompile>
    <ClCompile Include="..\base\application_details.cpp">
      <Filter>base</Filter>
    </ClCompile>
    <ClCompile Include="..\base\logger.cpp">
      <Filter>base</Filter>
    </ClCompile>
    <ClCompile Include="..\base\udp.cpp">
      <Filter>base</Filter>
    </ClCompile>
  </ItemGroup>
  <ItemGroup>
    <ClInclude Include="mother_app.h">
      <Filter>Header Files</Filter>
    </ClInclude>
    <ClInclude Include="..\base\application_details.h">
      <Filter>base</Filter>
    </ClInclude>
    <ClInclude Include="..\base\logger.h">
      <Filter>base</Filter>
    </ClInclude>
    <ClInclude Include="..\base\queue_types.h">
      <Filter>base</Filter>
    </ClInclude>
    <ClInclude Include="..\base\spin_lock.h">
      <Filter>base</Filter>
    </ClInclude>
    <ClInclude Include="..\base\time_utils.h">
      <Filter>base</Filter>
    </ClInclude>
    <ClInclude Include="..\base\udp.h">
      <Filter>base</Filter>
    </ClInclude>
    <ClInclude Include="..\base\udp_messages.h">
      <Filter>base</Filter>
    </ClInclude>
    <ClInclude Include="..\base\utils.h">
      <Filter>base</Filter>
    </ClInclude>
    <ClInclude Include="..\base\wait_free_queue.h">
      <Filter>base</Filter>
    </ClInclude>
  </ItemGroup>
</Project>
